lockfileVersion: '9.0'

settings:
  autoInstallPeers: true
  excludeLinksFromLockfile: false

importers:

  .:
    dependencies:
      '@portabletext/react':
        specifier: ^4.0.3
        version: 4.0.3(react@19.1.1)
      '@portabletext/types':
        specifier: ^2.0.15
        version: 2.0.15

packages:

  '@portabletext/react@4.0.3':
    resolution: {integrity: sha512-sdVSXbi0L5MBVb1Ch5KwbBPZjW/Oqe6s5ZkPi4LcItzHl8rqY2jB0VxsFaGywZyn8Jc47cGLaOtyBM9HkW/9Hg==}
    engines: {node: ^14.13.1 || >=16.0.0}
    peerDependencies:
      react: ^18.2 || ^19

  '@portabletext/toolkit@3.0.1':
    resolution: {integrity: sha512-z8NGqxKxfP0zuC58hPe8+xFC17qSbQ3nC9DgZmhrr7NUFaENJ6vAHJBsH5QzT7nKUjj++dTn+i4O2Uz9cqiGjA==}
    engines: {node: ^14.13.1 || >=16.0.0}

  '@portabletext/types@2.0.15':
    resolution: {integrity: sha512-2e6i2gSQsrA/5OL5Gm4/9bxB9MNO73Fa47zj+0mT93xkoQUCGCWX5fZh1YBJ86hszaRYlqvqG08oULxvvPPp/Q==}
    engines: {node: ^14.13.1 || >=16.0.0 || >=18.0.0}

  react@19.1.1:
    resolution: {integrity: sha512-w8nqGImo45dmMIfljjMwOGtbmC/mk4CMYhWIicdSflH91J9TyCyczcPFXJzrZ/ZXcgGRFeP6BU0BEJTw6tZdfQ==}
    engines: {node: '>=0.10.0'}

snapshots:

  '@portabletext/react@4.0.3(react@19.1.1)':
    dependencies:
      '@portabletext/toolkit': 3.0.1
      '@portabletext/types': 2.0.15
      react: 19.1.1

  '@portabletext/toolkit@3.0.1':
    dependencies:
      '@portabletext/types': 2.0.15

  '@portabletext/types@2.0.15': {}

  react@19.1.1: {}
